
Microsoft Visual Studio Solution File, Format Version 12.00
# Visual Studio 15
VisualStudioVersion = 15.0.27130.2010
MinimumVisualStudioVersion = 10.0.40219.1
Project("{FAE04EC0-301F-11D3-BF4B-00C04F79EFBC}") = "Biblioteca.API", "Biblioteca\Biblioteca.API.csproj", "{C646B812-E627-4DC1-ACAC-215A28EFCB0B}"
EndProject
Project("{00D1A9C2-B5F0-4AF3-8072-F6C62B433612}") = "BTEST", "Biblioteca.Database\BTEST.sqlproj", "{4F83A822-1D04-42CC-A731-56F430102F4C}"
EndProject
Global
	GlobalSection(SolutionConfigurationPlatforms) = preSolution
		Debug|Any CPU = Debug|Any CPU
		Release|Any CPU = Release|Any CPU
	EndGlobalSection
	GlobalSection(ProjectConfigurationPlatforms) = postSolution
		{C646B812-E627-4DC1-ACAC-215A28EFCB0B}.Debug|Any CPU.ActiveCfg = Debug|Any CPU
		{C646B812-E627-4DC1-ACAC-215A28EFCB0B}.Debug|Any CPU.Build.0 = Debug|Any CPU
		{C646B812-E627-4DC1-ACAC-215A28EFCB0B}.Release|Any CPU.ActiveCfg = Release|Any CPU
		{C646B812-E627-4DC1-ACAC-215A28EFCB0B}.Release|Any CPU.Build.0 = Release|Any CPU
		{4F83A822-1D04-42CC-A731-56F430102F4C}.Debug|Any CPU.ActiveCfg = Debug|Any CPU
		{4F83A822-1D04-42CC-A731-56F430102F4C}.Debug|Any CPU.Build.0 = Debug|Any CPU
		{4F83A822-1D04-42CC-A731-56F430102F4C}.Debug|Any CPU.Deploy.0 = Debug|Any CPU
		{4F83A822-1D04-42CC-A731-56F430102F4C}.Release|Any CPU.ActiveCfg = Release|Any CPU
		{4F83A822-1D04-42CC-A731-56F430102F4C}.Release|Any CPU.Build.0 = Release|Any CPU
		{4F83A822-1D04-42CC-A731-56F430102F4C}.Release|Any CPU.Deploy.0 = Release|Any CPU
	EndGlobalSection
	GlobalSection(SolutionProperties) = preSolution
		HideSolutionNode = FALSE
	EndGlobalSection
	GlobalSection(ExtensibilityGlobals) = postSolution
		SolutionGuid = {0E5A5266-A045-46FD-ACAB-C96C64664B37}
	EndGlobalSection
EndGlobal
